lockfileVersion: '9.0'

settings:
  autoInstallPeers: true
  excludeLinksFromLockfile: false

importers:

  .:
    dependencies:
      plyr:
        specifier: ^3.8.4
        version: 3.8.4
      swiper:
        specifier: ^14.0.5
        version: 14.0.5

packages:

  core-js@3.49.0:
    resolution: {integrity: sha512-es1U2+YTtzpwkxVLwAFdSpaIMyQaq0PBgm3YD1W3Qpsn1NAmO3KSgZfu+oGSWVu6NvLHoHCV/aYcsE5wiB7ALg==}

  custom-event-polyfill@1.0.7:
    resolution: {integrity: sha512-TDDkd5DkaZxZFM8p+1I3yAlvM3rSr1wbrOliG4yJiwinMZN8z/iGL7BTlDkrJcYTmgUSb4ywVCc3ZaUtOtC76w==}

  loadjs@4.3.0:
    resolution: {integrity: sha512-vNX4ZZLJBeDEOBvdr2v/F+0aN5oMuPu7JTqrMwp+DtgK+AryOlpy6Xtm2/HpNr+azEa828oQjOtWsB6iDtSfSQ==}

  plyr@3.8.4:
    resolution: {integrity: sha512-DrzLbK9Wol3zeiuZCleD9aUOl0KAaBHR9H6WVVVYPZ4Ya+LYxUFTgSF1jooHcMQCv96Ws96wCaZzIoP3bES8pQ==}

  rangetouch@2.0.1:
    resolution: {integrity: sha512-sln+pNSc8NGaHoLzwNBssFSf/rSYkqeBXzX1AtJlkJiUaVSJSbRAWJk+4omsXkN+EJalzkZhWQ3th1m0FpR5xA==}

  swiper@14.0.5:
    resolution: {integrity: sha512-SMSKS0sj+lPIFzngfIKb5cyBtzmAuJw7rXgXdyYiDReb+pSpJXuNljHYgT4DXa5Stnl2Ew2/Lam5ipv4PIqZ7A==}
    engines: {node: '>= 4.7.0'}

  url-polyfill@1.1.14:
    resolution: {integrity: sha512-p4f3TTAG6ADVF3mwbXw7hGw+QJyw5CnNGvYh5fCuQQZIiuKUswqcznyV3pGDP9j0TSmC4UvRKm8kl1QsX1diiQ==}

snapshots:

  core-js@3.49.0: {}

  custom-event-polyfill@1.0.7: {}

  loadjs@4.3.0: {}

  plyr@3.8.4:
    dependencies:
      core-js: 3.49.0
      custom-event-polyfill: 1.0.7
      loadjs: 4.3.0
      rangetouch: 2.0.1
      url-polyfill: 1.1.14

  rangetouch@2.0.1: {}

  swiper@14.0.5: {}

  url-polyfill@1.1.14: {}
